// !$*UTF8*$!
{
	archiveVersion = 1;
	classes = {
	};
	objectVersion = 77;
	objects = {

/* Begin PBXContainerItemProxy section */
		4E8DC4D22D8DE04000125207 /* PBXContainerItemProxy */ = {
			isa = PBXContainerItemProxy;
			containerPortal = 4E8DC4B82D8DE03F00125207 /* Project object */;
			proxyType = 1;
			remoteGlobalIDString = 4E8DC4BF2D8DE03F00125207;
			remoteInfo = "Brown Focus";
		};
		4E8DC4DC2D8DE04000125207 /* PBXContainerItemProxy */ = {
			isa = PBXContainerItemProxy;
			containerPortal = 4E8DC4B82D8DE03F00125207 /* Project object */;
			proxyType = 1;
			remoteGlobalIDString = 4E8DC4BF2D8DE03F00125207;
			remoteInfo = "Brown Focus";
		};
/* End PBXContainerItemProxy section */

/* Begin PBXFileReference section */
		4E8DC4C02D8DE03F00125207 /* Brown Focus.app */ = {isa = PBXFileReference; explicitFileType = wrapper.application; includeInIndex = 0; path = "Brown Focus.app"; sourceTree = BUILT_PRODUCTS_DIR; };
		4E8DC4D12D8DE04000125207 /* Brown FocusTests.xctest */ = {isa = PBXFileReference; explicitFileType = wrapper.cfbundle; includeInIndex = 0; path = "Brown FocusTests.xctest"; sourceTree = BUILT_PRODUCTS_DIR; };
		4E8DC4DB2D8DE04000125207 /* Brown FocusUITests.xctest */ = {isa = PBXFileReference; explicitFileType = wrapper.cfbundle; includeInIndex = 0; path = "Brown FocusUITests.xctest"; sourceTree = BUILT_PRODUCTS_DIR; };
/* End PBXFileReference section */

/* Begin PBXFileSystemSynchronizedRootGroup section */
		4E8DC4C22D8DE03F00125207 /* Brown Focus */ = {
			isa = PBXFileSystemSynchronizedRootGroup;
			path = "Brown Focus";
			sourceTree = "<group>";
		};
		4E8DC4D42D8DE04000125207 /* Brown FocusTests */ = {
			isa = PBXFileSystemSynchronizedRootGroup;
			path = "Brown FocusTests";
			sourceTree = "<group>";
		};
		4E8DC4DE2D8DE04000125207 /* Brown FocusUITests */ = {
			isa = PBXFileSystemSynchronizedRootGroup;
			path = "Brown FocusUITests";
			sourceTree = "<group>";
		};
/* End PBXFileSystemSynchronizedRootGroup section */

/* Begin PBXFrameworksBuildPhase section */
		4E8DC4BD2D8DE03F00125207 /* Frameworks */ = {
			isa = PBXFrameworksBuildPhase;
			buildActionMask = 2147483647;
			files = (
			);
			runOnlyForDeploymentPostprocessing = 0;
		};
		4E8DC4CE2D8DE04000125207 /* Frameworks */ = {
			isa = PBXFrameworksBuildPhase;
			buildActionMask = 2147483647;
			files = (
			);
			runOnlyForDeploymentPostprocessing = 0;
		};
		4E8DC4D82D8DE04000125207 /* Frameworks */ = {
			isa = PBXFrameworksBuildPhase;
			buildActionMask = 2147483647;
			files = (
			);
			runOnlyForDeploymentPostprocessing = 0;
		};
/* End PBXFrameworksBuildPhase section */

/* Begin PBXGroup section */
		4E8DC4B72D8DE03F00125207 = {
			isa = PBXGroup;
			children = (
				4E8DC4C22D8DE03F00125207 /* Brown Focus */,
				4E8DC4D42D8DE04000125207 /* Brown FocusTests */,
				4E8DC4DE2D8DE04000125207 /* Brown FocusUITests */,
				4E8DC4C12D8DE03F00125207 /* Products */,
			);
			sourceTree = "<group>";
		};
		4E8DC4C12D8DE03F00125207 /* Products */ = {
			isa = PBXGroup;
			children = (
				4E8DC4C02D8DE03F00125207 /* Brown Focus.app */,
				4E8DC4D12D8DE04000125207 /* Brown FocusTests.xctest */,
				4E8DC4DB2D8DE04000125207 /* Brown FocusUITests.xctest */,
			);
			name = Products;
			sourceTree = "<group>";
		};
/* End PBXGroup section */

/* Begin PBXNativeTarget section */
		4E8DC4BF2D8DE03F00125207 /* Brown Focus */ = {
			isa = PBXNativeTarget;
			buildConfigurationList = 4E8DC4E52D8DE04000125207 /* Build configuration list for PBXNativeTarget "Brown Focus" */;
			buildPhases = (
				4E8DC4BC2D8DE03F00125207 /* Sources */,
				4E8DC4BD2D8DE03F00125207 /* Frameworks */,
				4E8DC4BE2D8DE03F00125207 /* Resources */,
			);
			buildRules = (
			);
			dependencies = (
			);
			fileSystemSynchronizedGroups = (
				4E8DC4C22D8DE03F00125207 /* Brown Focus */,
			);
			name = "Brown Focus";
			packageProductDependencies = (
			);
			productName = "Brown Focus";
			productReference = 4E8DC4C02D8DE03F00125207 /* Brown Focus.app */;
			productType = "com.apple.product-type.application";
		};
		4E8DC4D02D8DE04000125207 /* Brown FocusTests */ = {
			isa = PBXNativeTarget;
			buildConfigurationList = 4E8DC4E82D8DE04000125207 /* Build configuration list for PBXNativeTarget "Brown FocusTests" */;
			buildPhases = (
				4E8DC4CD2D8DE04000125207 /* Sources */,
				4E8DC4CE2D8DE04000125207 /* Frameworks */,
				4E8DC4CF2D8DE04000125207 /* Resources */,
			);
			buildRules = (
			);
			dependencies = (
				4E8DC4D32D8DE04000125207 /* PBXTargetDependency */,
			);
			fileSystemSynchronizedGroups = (
				4E8DC4D42D8DE04000125207 /* Brown FocusTests */,
			);
			name = "Brown FocusTests";
			packageProductDependencies = (
			);
			productName = "Brown FocusTests";
			productReference = 4E8DC4D12D8DE04000125207 /* Brown FocusTests.xctest */;
			productType = "com.apple.product-type.bundle.unit-test";
		};
		4E8DC4DA2D8DE04000125207 /* Brown FocusUITests */ = {
			isa = PBXNativeTarget;
			buildConfigurationList = 4E8DC4EB2D8DE04000125207 /* Build configuration list for PBXNativeTarget "Brown FocusUITests" */;
			buildPhases = (
				4E8DC4D72D8DE04000125207 /* Sources */,
				4E8DC4D82D8DE04000125207 /* Frameworks */,
				4E8DC4D92D8DE04000125207 /* Resources */,
			);
			buildRules = (
			);
			dependencies = (
				4E8DC4DD2D8DE04000125207 /* PBXTargetDependency */,
			);
			fileSystemSynchronizedGroups = (
				4E8DC4DE2D8DE04000125207 /* Brown FocusUITests */,
			);
			name = "Brown FocusUITests";
			packageProductDependencies = (
			);
			productName = "Brown FocusUITests";
			productReference = 4E8DC4DB2D8DE04000125207 /* Brown FocusUITests.xctest */;
			productType = "com.apple.product-type.bundle.ui-testing";
		};
/* End PBXNativeTarget section */

/* Begin PBXProject section */
		4E8DC4B82D8DE03F00125207 /* Project object */ = {
			isa = PBXProject;
			attributes = {
				BuildIndependentTargetsInParallel = 1;
				LastSwiftUpdateCheck = 1620;
				LastUpgradeCheck = 1620;
				TargetAttributes = {
					4E8DC4BF2D8DE03F00125207 = {
						CreatedOnToolsVersion = 16.2;
					};
					4E8DC4D02D8DE04000125207 = {
						CreatedOnToolsVersion = 16.2;
						TestTargetID = 4E8DC4BF2D8DE03F00125207;
					};
					4E8DC4DA2D8DE04000125207 = {
						CreatedOnToolsVersion = 16.2;
						TestTargetID = 4E8DC4BF2D8DE03F00125207;
					};
				};
			};
			buildConfigurationList = 4E8DC4BB2D8DE03F00125207 /* Build configuration list for PBXProject "Brown Focus" */;
			developmentRegion = en;
			hasScannedForEncodings = 0;
			knownRegions = (
				en,
				Base,
			);
			mainGroup = 4E8DC4B72D8DE03F00125207;
			minimizedProjectReferenceProxies = 1;
			preferredProjectObjectVersion = 77;
			productRefGroup = 4E8DC4C12D8DE03F00125207 /* Products */;
			projectDirPath = "";
			projectRoot = "";
			targets = (
				4E8DC4BF2D8DE03F00125207 /* Brown Focus */,
				4E8DC4D02D8DE04000125207 /* Brown FocusTests */,
				4E8DC4DA2D8DE04000125207 /* Brown FocusUITests */,
			);
		};
/* End PBXProject section */

/* Begin PBXResourcesBuildPhase section */
		4E8DC4BE2D8DE03F00125207 /* Resources */ = {
			isa = PBXResourcesBuildPhase;
			buildActionMask = 2147483647;
			files = (
			);
			runOnlyForDeploymentPostprocessing = 0;
		};
		4E8DC4CF2D8DE04000125207 /* Resources */ = {
			isa = PBXResourcesBuildPhase;
			buildActionMask = 2147483647;
			files = (
			);
			runOnlyForDeploymentPostprocessing = 0;
		};
		4E8DC4D92D8DE04000125207 /* Resources */ = {
			isa = PBXResourcesBuildPhase;
			buildActionMask = 2147483647;
			files = (
			);
			runOnlyForDeploymentPostprocessing = 0;
		};
/* End PBXResourcesBuildPhase section */

/* Begin PBXSourcesBuildPhase section */
		4E8DC4BC2D8DE03F00125207 /* Sources */ = {
			isa = PBXSourcesBuildPhase;
			buildActionMask = 2147483647;
			files = (
			);
			runOnlyForDeploymentPostprocessing = 0;
		};
		4E8DC4CD2D8DE04000125207 /* Sources */ = {
			isa = PBXSourcesBuildPhase;
			buildActionMask = 2147483647;
			files = (
			);
			runOnlyForDeploymentPostprocessing = 0;
		};
		4E8DC4D72D8DE04000125207 /* Sources */ = {
			isa = PBXSourcesBuildPhase;
			buildActionMask = 2147483647;
			files = (
			);
			runOnlyForDeploymentPostprocessing = 0;
		};
/* End PBXSourcesBuildPhase section */

/* Begin PBXTargetDependency section */
		4E8DC4D32D8DE04000125207 /* PBXTargetDependency */ = {
			isa = PBXTargetDependency;
			target = 4E8DC4BF2D8DE03F00125207 /* Brown Focus */;
			targetProxy = 4E8DC4D22D8DE04000125207 /* PBXContainerItemProxy */;
		};
		4E8DC4DD2D8DE04000125207 /* PBXTargetDependency */ = {
			isa = PBXTargetDependency;
			target = 4E8DC4BF2D8DE03F00125207 /* Brown Focus */;
			targetProxy = 4E8DC4DC2D8DE04000125207 /* PBXContainerItemProxy */;
		};
/* End PBXTargetDependency section */

/* Begin XCBuildConfiguration section */
		4E8DC4E32D8DE04000125207 /* Debug */ = {
			isa = XCBuildConfiguration;
			buildSettings = {
				ALWAYS_SEARCH_USER_PATHS = NO;
				ASSETCATALOG_COMPILER_GENERATE_SWIFT_ASSET_SYMBOL_EXTENSIONS = YES;
				CLANG_ANALYZER_NONNULL = YES;
				CLANG_ANALYZER_NUMBER_OBJECT_CONVERSION = YES_AGGRESSIVE;
				CLANG_CXX_LANGUAGE_STANDARD = "gnu++20";
				CLANG_ENABLE_MODULES = YES;
				CLANG_ENABLE_OBJC_ARC = YES;
				CLANG_ENABLE_OBJC_WEAK = YES;
				CLANG_WARN_BLOCK_CAPTURE_AUTORELEASING = YES;
				CLANG_WARN_BOOL_CONVERSION = YES;
				CLANG_WARN_COMMA = YES;
				CLANG_WARN_CONSTANT_CONVERSION = YES;
				CLANG_WARN_DEPRECATED_OBJC_IMPLEMENTATIONS = YES;
				CLANG_WARN_DIRECT_OBJC_ISA_USAGE = YES_ERROR;
				CLANG_WARN_DOCUMENTATION_COMMENTS = YES;
				CLANG_WARN_EMPTY_BODY = YES;
				CLANG_WARN_ENUM_CONVERSION = YES;
				CLANG_WARN_INFINITE_RECURSION = YES;
				CLANG_WARN_INT_CONVERSION = YES;
				CLANG_WARN_NON_LITERAL_NULL_CONVERSION = YES;
				CLANG_WARN_OBJC_IMPLICIT_RETAIN_SELF = YES;
				CLANG_WARN_OBJC_LITERAL_CONVERSION = YES;
				CLANG_WARN_OBJC_ROOT_CLASS = YES_ERROR;
				CLANG_WARN_QUOTED_INCLUDE_IN_FRAMEWORK_HEADER = YES;
				CLANG_WARN_RANGE_LOOP_ANALYSIS = YES;
				CLANG_WARN_STRICT_PROTOTYPES = YES;
				CLANG_WARN_SUSPICIOUS_MOVE = YES;
				CLANG_WARN_UNGUARDED_AVAILABILITY = YES_AGGRESSIVE;
				CLANG_WARN_UNREACHABLE_CODE = YES;
				CLANG_WARN__DUPLICATE_METHOD_MATCH = YES;
				COPY_PHASE_STRIP = NO;
				DEBUG_INFORMATION_FORMAT = dwarf;
				ENABLE_STRICT_OBJC_MSGSEND = YES;
				ENABLE_TESTABILITY = YES;
				ENABLE_USER_SCRIPT_SANDBOXING = YES;
				GCC_C_LANGUAGE_STANDARD = gnu17;
				GCC_DYNAMIC_NO_PIC = NO;
				GCC_NO_COMMON_BLOCKS = YES;
				GCC_OPTIMIZATION_LEVEL = 0;
				GCC_PREPROCESSOR_DEFINITIONS = (
					"DEBUG=1",
					"$(inherited)",
				);
				GCC_WARN_64_TO_32_BIT_CONVERSION = YES;
				GCC_WARN_ABOUT_RETURN_TYPE = YES_ERROR;
				GCC_WARN_UNDECLARED_SELECTOR = YES;
				GCC_WARN_UNINITIALIZED_AUTOS = YES_AGGRESSIVE;
				GCC_WARN_UNUSED_FUNCTION = YES;
				GCC_WARN_UNUSED_VARIABLE = YES;
				LOCALIZATION_PREFERS_STRING_CATALOGS = YES;
				MACOSX_DEPLOYMENT_TARGET = 15.0;
				MTL_ENABLE_DEBUG_INFO = INCLUDE_SOURCE;
				MTL_FAST_MATH = YES;
				ONLY_ACTIVE_ARCH = YES;
				SDKROOT = macosx;
				SWIFT_ACTIVE_COMPILATION_CONDITIONS = "DEBUG $(inherited)";
				SWIFT_OPTIMIZATION_LEVEL = "-Onone";
			};
			name = Debug;
		};
		4E8DC4E42D8DE04000125207 /* Release */ = {
			isa = XCBuildConfiguration;
			buildSettings = {
				ALWAYS_SEARCH_USER_PATHS = NO;
				ASSETCATALOG_COMPILER_GENERATE_SWIFT_ASSET_SYMBOL_EXTENSIONS = YES;
				CLANG_ANALYZER_NONNULL = YES;
				CLANG_ANALYZER_NUMBER_OBJECT_CONVERSION = YES_AGGRESSIVE;
				CLANG_CXX_LANGUAGE_STANDARD = "gnu++20";
				CLANG_ENABLE_MODULES = YES;
				CLANG_ENABLE_OBJC_ARC = YES;
				CLANG_ENABLE_OBJC_WEAK = YES;
				CLANG_WARN_BLOCK_CAPTURE_AUTORELEASING = YES;
				CLANG_WARN_BOOL_CONVERSION = YES;
				CLANG_WARN_COMMA = YES;
				CLANG_WARN_CONSTANT_CONVERSION = YES;
				CLANG_WARN_DEPRECATED_OBJC_IMPLEMENTATIONS = YES;
				CLANG_WARN_DIRECT_OBJC_ISA_USAGE = YES_ERROR;
				CLANG_WARN_DOCUMENTATION_COMMENTS = YES;
				CLANG_WARN_EMPTY_BODY = YES;
				CLANG_WARN_ENUM_CONVERSION = YES;
				CLANG_WARN_INFINITE_RECURSION = YES;
				CLANG_WARN_INT_CONVERSION = YES;
				CLANG_WARN_NON_LITERAL_NULL_CONVERSION = YES;
				CLANG_WARN_OBJC_IMPLICIT_RETAIN_SELF = YES;
				CLANG_WARN_OBJC_LITERAL_CONVERSION = YES;
				CLANG_WARN_OBJC_ROOT_CLASS = YES_ERROR;
				CLANG_WARN_QUOTED_INCLUDE_IN_FRAMEWORK_HEADER = YES;
				CLANG_WARN_RANGE_LOOP_ANALYSIS = YES;
				CLANG_WARN_STRICT_PROTOTYPES = YES;
				CLANG_WARN_SUSPICIOUS_MOVE = YES;
				CLANG_WARN_UNGUARDED_AVAILABILITY = YES_AGGRESSIVE;
				CLANG_WARN_UNREACHABLE_CODE = YES;
				CLANG_WARN__DUPLICATE_METHOD_MATCH = YES;
				COPY_PHASE_STRIP = NO;
				DEBUG_INFORMATION_FORMAT = "dwarf-with-dsym";
				ENABLE_NS_ASSERTIONS = NO;
				ENABLE_STRICT_OBJC_MSGSEND = YES;
				ENABLE_USER_SCRIPT_SANDBOXING = YES;
				GCC_C_LANGUAGE_STANDARD = gnu17;
				GCC_NO_COMMON_BLOCKS = YES;
				GCC_WARN_64_TO_32_BIT_CONVERSION = YES;
				GCC_WARN_ABOUT_RETURN_TYPE = YES_ERROR;
				GCC_WARN_UNDECLARED_SELECTOR = YES;
				GCC_WARN_UNINITIALIZED_AUTOS = YES_AGGRESSIVE;
				GCC_WARN_UNUSED_FUNCTION = YES;
				GCC_WARN_UNUSED_VARIABLE = YES;
				LOCALIZATION_PREFERS_STRING_CATALOGS = YES;
				MACOSX_DEPLOYMENT_TARGET = 15.0;
				MTL_ENABLE_DEBUG_INFO = NO;
				MTL_FAST_MATH = YES;
				ONLY_ACTIVE_ARCH = YES;
				SDKROOT = macosx;
				SWIFT_COMPILATION_MODE = wholemodule;
			};
			name = Release;
		};
		4E8DC4E62D8DE04000125207 /* Debug */ = {
			isa = XCBuildConfiguration;
			buildSettings = {
				ASSETCATALOG_COMPILER_APPICON_NAME = AppIcon;
				ASSETCATALOG_COMPILER_GLOBAL_ACCENT_COLOR_NAME = AccentColor;
				ASSETCATALOG_COMPILER_INCLUDE_ALL_APPICON_ASSETS = YES;
				CODE_SIGN_ENTITLEMENTS = "Brown Focus/Brown_Focus.entitlements";
				CODE_SIGN_STYLE = Automatic;
				COMBINE_HIDPI_IMAGES = YES;
				CURRENT_PROJECT_VERSION = 1;
				DEVELOPMENT_ASSET_PATHS = "\"Brown Focus/Preview Content\"";
				DEVELOPMENT_TEAM = CMFBMNG959;
				ENABLE_PREVIEWS = YES;
				GENERATE_INFOPLIST_FILE = YES;
				INFOPLIST_KEY_CFBundleDisplayName = "Brown Focus";
				INFOPLIST_KEY_LSApplicationCategoryType = "public.app-category.healthcare-fitness";
				INFOPLIST_KEY_NSHumanReadableCopyright = "";
				LD_RUNPATH_SEARCH_PATHS = (
					"$(inherited)",
					"@executable_path/../Frameworks",
				);
				MACOSX_DEPLOYMENT_TARGET = 15.0;
				MARKETING_VERSION = 1.0;
				PRODUCT_BUNDLE_IDENTIFIER = "seaverb.com.Brown-Focus";
				PRODUCT_NAME = "$(TARGET_NAME)";
				SWIFT_EMIT_LOC_STRINGS = YES;
				SWIFT_VERSION = 5.0;
			};
			name = Debug;
		};
		4E8DC4E72D8DE04000125207 /* Release */ = {
			isa = XCBuildConfiguration;
			buildSettings = {
				ASSETCATALOG_COMPILER_APPICON_NAME = AppIcon;
				ASSETCATALOG_COMPILER_GLOBAL_ACCENT_COLOR_NAME = AccentColor;
				ASSETCATALOG_COMPILER_INCLUDE_ALL_APPICON_ASSETS = YES;
				CODE_SIGN_ENTITLEMENTS = "Brown Focus/Brown_Focus.entitlements";
				CODE_SIGN_STYLE = Automatic;
				COMBINE_HIDPI_IMAGES = YES;
				CURRENT_PROJECT_VERSION = 1;
				DEVELOPMENT_ASSET_PATHS = "\"Brown Focus/Preview Content\"";
				DEVELOPMENT_TEAM = CMFBMNG959;
				ENABLE_PREVIEWS = YES;
				GENERATE_INFOPLIST_FILE = YES;
				INFOPLIST_KEY_CFBundleDisplayName = "Brown Focus";
				INFOPLIST_KEY_LSApplicationCategoryType = "public.app-category.healthcare-fitness";
				INFOPLIST_KEY_NSHumanReadableCopyright = "";
				LD_RUNPATH_SEARCH_PATHS = (
					"$(inherited)",
					"@executable_path/../Frameworks",
				);
				MACOSX_DEPLOYMENT_TARGET = 15.0;
				MARKETING_VERSION = 1.0;
				PRODUCT_BUNDLE_IDENTIFIER = "seaverb.com.Brown-Focus";
				PRODUCT_NAME = "$(TARGET_NAME)";
				SWIFT_EMIT_LOC_STRINGS = YES;
				SWIFT_VERSION = 5.0;
			};
			name = Release;
		};
		4E8DC4E92D8DE04000125207 /* Debug */ = {
			isa = XCBuildConfiguration;
			buildSettings = {
				BUNDLE_LOADER = "$(TEST_HOST)";
				CODE_SIGN_STYLE = Automatic;
				CURRENT_PROJECT_VERSION = 1;
				GENERATE_INFOPLIST_FILE = YES;
				MACOSX_DEPLOYMENT_TARGET = 15.2;
				MARKETING_VERSION = 1.0;
				PRODUCT_BUNDLE_IDENTIFIER = "seaverb.com.Brown-FocusTests";
				PRODUCT_NAME = "$(TARGET_NAME)";
				SWIFT_EMIT_LOC_STRINGS = NO;
				SWIFT_VERSION = 5.0;
				TEST_HOST = "$(BUILT_PRODUCTS_DIR)/Brown Focus.app/$(BUNDLE_EXECUTABLE_FOLDER_PATH)/Brown Focus";
			};
			name = Debug;
		};
		4E8DC4EA2D8DE04000125207 /* Release */ = {
			isa = XCBuildConfiguration;
			buildSettings = {
				BUNDLE_LOADER = "$(TEST_HOST)";
				CODE_SIGN_STYLE = Automatic;
				CURRENT_PROJECT_VERSION = 1;
				GENERATE_INFOPLIST_FILE = YES;
				MACOSX_DEPLOYMENT_TARGET = 15.2;
				MARKETING_VERSION = 1.0;
				PRODUCT_BUNDLE_IDENTIFIER = "seaverb.com.Brown-FocusTests";
				PRODUCT_NAME = "$(TARGET_NAME)";
				SWIFT_EMIT_LOC_STRINGS = NO;
				SWIFT_VERSION = 5.0;
				TEST_HOST = "$(BUILT_PRODUCTS_DIR)/Brown Focus.app/$(BUNDLE_EXECUTABLE_FOLDER_PATH)/Brown Focus";
			};
			name = Release;
		};
		4E8DC4EC2D8DE04000125207 /* Debug */ = {
			isa = XCBuildConfiguration;
			buildSettings = {
				CODE_SIGN_STYLE = Automatic;
				CURRENT_PROJECT_VERSION = 1;
				GENERATE_INFOPLIST_FILE = YES;
				MARKETING_VERSION = 1.0;
				PRODUCT_BUNDLE_IDENTIFIER = "seaverb.com.Brown-FocusUITests";
				PRODUCT_NAME = "$(TARGET_NAME)";
				SWIFT_EMIT_LOC_STRINGS = NO;
				SWIFT_VERSION = 5.0;
				TEST_TARGET_NAME = "Brown Focus";
			};
			name = Debug;
		};
		4E8DC4ED2D8DE04000125207 /* Release */ = {
			isa = XCBuildConfiguration;
			buildSettings = {
				CODE_SIGN_STYLE = Automatic;
				CURRENT_PROJECT_VERSION = 1;
				GENERATE_INFOPLIST_FILE = YES;
				MARKETING_VERSION = 1.0;
				PRODUCT_BUNDLE_IDENTIFIER = "seaverb.com.Brown-FocusUITests";
				PRODUCT_NAME = "$(TARGET_NAME)";
				SWIFT_EMIT_LOC_STRINGS = NO;
				SWIFT_VERSION = 5.0;
				TEST_TARGET_NAME = "Brown Focus";
			};
			name = Release;
		};
/* End XCBuildConfiguration section */

/* Begin XCConfigurationList section */
		4E8DC4BB2D8DE03F00125207 /* Build configuration list for PBXProject "Brown Focus" */ = {
			isa = XCConfigurationList;
			buildConfigurations = (
				4E8DC4E32D8DE04000125207 /* Debug */,
				4E8DC4E42D8DE04000125207 /* Release */,
			);
			defaultConfigurationIsVisible = 0;
			defaultConfigurationName = Release;
		};
		4E8DC4E52D8DE04000125207 /* Build configuration list for PBXNativeTarget "Brown Focus" */ = {
			isa = XCConfigurationList;
			buildConfigurations = (
				4E8DC4E62D8DE04000125207 /* Debug */,
				4E8DC4E72D8DE04000125207 /* Release */,
			);
			defaultConfigurationIsVisible = 0;
			defaultConfigurationName = Release;
		};
		4E8DC4E82D8DE04000125207 /* Build configuration list for PBXNativeTarget "Brown FocusTests" */ = {
			isa = XCConfigurationList;
			buildConfigurations = (
				4E8DC4E92D8DE04000125207 /* Debug */,
				4E8DC4EA2D8DE04000125207 /* Release */,
			);
			defaultConfigurationIsVisible = 0;
			defaultConfigurationName = Release;
		};
		4E8DC4EB2D8DE04000125207 /* Build configuration list for PBXNativeTarget "Brown FocusUITests" */ = {
			isa = XCConfigurationList;
			buildConfigurations = (
				4E8DC4EC2D8DE04000125207 /* Debug */,
				4E8DC4ED2D8DE04000125207 /* Release */,
			);
			defaultConfigurationIsVisible = 0;
			defaultConfigurationName = Release;
		};
/* End XCConfigurationList section */
	};
	rootObject = 4E8DC4B82D8DE03F00125207 /* Project object */;
}
